
Microsoft Visual Studio Solution File, Format Version 12.00
# Visual Studio Version 17
VisualStudioVersion = 17.14.36717.8 d17.14
MinimumVisualStudioVersion = 10.0.40219.1
Project("{8BC9CEB8-8B4A-11D0-8D11-00A0C91BC942}") = "Chess_Game", "Chess_Game.vcxproj", "{0C570659-5DE5-4A28-8588-E3ED2B3679D4}"
EndProject
Global
	GlobalSection(SolutionConfigurationPlatforms) = preSolution
		Debug|x64 = Debug|x64
		Debug|x86 = Debug|x86
		Release|x64 = Release|x64
		Release|x86 = Release|x86
	EndGlobalSection
	GlobalSection(ProjectConfigurationPlatforms) = postSolution
		{0C570659-5DE5-4A28-8588-E3ED2B3679D4}.Debug|x64.ActiveCfg = Debug|x64
		{0C570659-5DE5-4A28-8588-E3ED2B3679D4}.Debug|x64.Build.0 = Debug|x64
		{0C570659-5DE5-4A28-8588-E3ED2B3679D4}.Debug|x86.ActiveCfg = Debug|Win32
		{0C570659-5DE5-4A28-8588-E3ED2B3679D4}.Debug|x86.Build.0 = Debug|Win32
		{0C570659-5DE5-4A28-8588-E3ED2B3679D4}.Release|x64.ActiveCfg = Release|x64
		{0C570659-5DE5-4A28-8588-E3ED2B3679D4}.Release|x64.Build.0 = Release|x64
		{0C570659-5DE5-4A28-8588-E3ED2B3679D4}.Release|x86.ActiveCfg = Release|Win32
		{0C570659-5DE5-4A28-8588-E3ED2B3679D4}.Release|x86.Build.0 = Release|Win32
	EndGlobalSection
	GlobalSection(SolutionProperties) = preSolution
		HideSolutionNode = FALSE
	EndGlobalSection
	GlobalSection(ExtensibilityGlobals) = postSolution
		SolutionGuid = {A1DF711C-6727-4BF4-B66D-A75D68424D82}
	EndGlobalSection
EndGlobal
